// !$*UTF8*$!
{
	archiveVersion = 1;
	classes = {
	};
	objectVersion = 56;
	objects = {

/* Begin PBXBuildFile section */
		7D7AF9A42CA2072400C81BC6 /* FullStoryPage.swift in Sources */ = {isa = PBXBuildFile; fileRef = 7D7AF9A32CA2072400C81BC6 /* FullStoryPage.swift */; };
		7DB7056E2CA235420090E1CD /* Settings.swift in Sources */ = {isa = PBXBuildFile; fileRef = 7DB7056D2CA235420090E1CD /* Settings.swift */; };
		7DB705702CA24D650090E1CD /* Font+AmericanTypewriter.swift in Sources */ = {isa = PBXBuildFile; fileRef = 7DB7056F2CA24D650090E1CD /* Font+AmericanTypewriter.swift */; };
		7DD7BEA22CA116A200C9DA71 /* MyDevStoryKaiApp.swift in Sources */ = {isa = PBXBuildFile; fileRef = 7DD7BEA12CA116A200C9DA71 /* MyDevStoryKaiApp.swift */; };
		7DD7BEA42CA116A200C9DA71 /* ContentView.swift in Sources */ = {isa = PBXBuildFile; fileRef = 7DD7BEA32CA116A200C9DA71 /* ContentView.swift */; };
		7DD7BEA62CA116A400C9DA71 /* Assets.xcassets in Resources */ = {isa = PBXBuildFile; fileRef = 7DD7BEA52CA116A400C9DA71 /* Assets.xcassets */; };
		7DD7BEA92CA116A400C9DA71 /* Preview Assets.xcassets in Resources */ = {isa = PBXBuildFile; fileRef = 7DD7BEA82CA116A400C9DA71 /* Preview Assets.xcassets */; };
		7DD7BEB02CA1174400C9DA71 /* chapterOne.swift in Sources */ = {isa = PBXBuildFile; fileRef = 7DD7BEAF2CA1174400C9DA71 /* chapterOne.swift */; };
		7DD7BEB22CA1175700C9DA71 /* chapterTwo.swift in Sources */ = {isa = PBXBuildFile; fileRef = 7DD7BEB12CA1175700C9DA71 /* chapterTwo.swift */; };
		7DD7BEB42CA1176600C9DA71 /* chapterThree.swift in Sources */ = {isa = PBXBuildFile; fileRef = 7DD7BEB32CA1176600C9DA71 /* chapterThree.swift */; };
		7DD7BEB62CA1177100C9DA71 /* chapterFour.swift in Sources */ = {isa = PBXBuildFile; fileRef = 7DD7BEB52CA1177100C9DA71 /* chapterFour.swift */; };
		7DD7BEB82CA1177D00C9DA71 /* chapterFive.swift in Sources */ = {isa = PBXBuildFile; fileRef = 7DD7BEB72CA1177D00C9DA71 /* chapterFive.swift */; };
		7DD7BEBA2CA1178C00C9DA71 /* chapterSix.swift in Sources */ = {isa = PBXBuildFile; fileRef = 7DD7BEB92CA1178C00C9DA71 /* chapterSix.swift */; };
		7DD7BEBC2CA1179C00C9DA71 /* chapterSeven.swift in Sources */ = {isa = PBXBuildFile; fileRef = 7DD7BEBB2CA1179C00C9DA71 /* chapterSeven.swift */; };
		7DD7BEBE2CA117AB00C9DA71 /* chapterEight.swift in Sources */ = {isa = PBXBuildFile; fileRef = 7DD7BEBD2CA117AB00C9DA71 /* chapterEight.swift */; };
		7DD7BEC02CA117BA00C9DA71 /* chapterNine.swift in Sources */ = {isa = PBXBuildFile; fileRef = 7DD7BEBF2CA117BA00C9DA71 /* chapterNine.swift */; };
/* End PBXBuildFile section */

/* Begin PBXFileReference section */
		7D7AF9A32CA2072400C81BC6 /* FullStoryPage.swift */ = {isa = PBXFileReference; lastKnownFileType = sourcecode.swift; path = FullStoryPage.swift; sourceTree = "<group>"; };
		7DB7056D2CA235420090E1CD /* Settings.swift */ = {isa = PBXFileReference; lastKnownFileType = sourcecode.swift; path = Settings.swift; sourceTree = "<group>"; };
		7DB7056F2CA24D650090E1CD /* Font+AmericanTypewriter.swift */ = {isa = PBXFileReference; lastKnownFileType = sourcecode.swift; path = "Font+AmericanTypewriter.swift"; sourceTree = "<group>"; };
		7DD7BE9E2CA116A100C9DA71 /* MyDevStoryKai.app */ = {isa = PBXFileReference; explicitFileType = wrapper.application; includeInIndex = 0; path = MyDevStoryKai.app; sourceTree = BUILT_PRODUCTS_DIR; };
		7DD7BEA12CA116A200C9DA71 /* MyDevStoryKaiApp.swift */ = {isa = PBXFileReference; lastKnownFileType = sourcecode.swift; path = MyDevStoryKaiApp.swift; sourceTree = "<group>"; };
		7DD7BEA32CA116A200C9DA71 /* ContentView.swift */ = {isa = PBXFileReference; lastKnownFileType = sourcecode.swift; path = ContentView.swift; sourceTree = "<group>"; };
		7DD7BEA52CA116A400C9DA71 /* Assets.xcassets */ = {isa = PBXFileReference; lastKnownFileType = folder.assetcatalog; path = Assets.xcassets; sourceTree = "<group>"; };
		7DD7BEA82CA116A400C9DA71 /* Preview Assets.xcassets */ = {isa = PBXFileReference; lastKnownFileType = folder.assetcatalog; path = "Preview Assets.xcassets"; sourceTree = "<group>"; };
		7DD7BEAF2CA1174400C9DA71 /* chapterOne.swift */ = {isa = PBXFileReference; lastKnownFileType = sourcecode.swift; path = chapterOne.swift; sourceTree = "<group>"; };
		7DD7BEB12CA1175700C9DA71 /* chapterTwo.swift */ = {isa = PBXFileReference; lastKnownFileType = sourcecode.swift; path = chapterTwo.swift; sourceTree = "<group>"; };
		7DD7BEB32CA1176600C9DA71 /* chapterThree.swift */ = {isa = PBXFileReference; lastKnownFileType = sourcecode.swift; path = chapterThree.swift; sourceTree = "<group>"; };
		7DD7BEB52CA1177100C9DA71 /* chapterFour.swift */ = {isa = PBXFileReference; lastKnownFileType = sourcecode.swift; path = chapterFour.swift; sourceTree = "<group>"; };
		7DD7BEB72CA1177D00C9DA71 /* chapterFive.swift */ = {isa = PBXFileReference; lastKnownFileType = sourcecode.swift; path = chapterFive.swift; sourceTree = "<group>"; };
		7DD7BEB92CA1178C00C9DA71 /* chapterSix.swift */ = {isa = PBXFileReference; lastKnownFileType = sourcecode.swift; path = chapterSix.swift; sourceTree = "<group>"; };
		7DD7BEBB2CA1179C00C9DA71 /* chapterSeven.swift */ = {isa = PBXFileReference; lastKnownFileType = sourcecode.swift; path = chapterSeven.swift; sourceTree = "<group>"; };
		7DD7BEBD2CA117AB00C9DA71 /* chapterEight.swift */ = {isa = PBXFileReference; lastKnownFileType = sourcecode.swift; path = chapterEight.swift; sourceTree = "<group>"; };
		7DD7BEBF2CA117BA00C9DA71 /* chapterNine.swift */ = {isa = PBXFileReference; lastKnownFileType = sourcecode.swift; path = chapterNine.swift; sourceTree = "<group>"; };
/* End PBXFileReference section */

/* Begin PBXFrameworksBuildPhase section */
		7DD7BE9B2CA116A100C9DA71 /* Frameworks */ = {
			isa = PBXFrameworksBuildPhase;
			buildActionMask = 2147483647;
			files = (
			);
			runOnlyForDeploymentPostprocessing = 0;
		};
/* End PBXFrameworksBuildPhase section */

/* Begin PBXGroup section */
		7DD7BE952CA116A100C9DA71 = {
			isa = PBXGroup;
			children = (
				7DD7BEA02CA116A200C9DA71 /* MyDevStoryKai */,
				7DD7BE9F2CA116A100C9DA71 /* Products */,
			);
			sourceTree = "<group>";
		};
		7DD7BE9F2CA116A100C9DA71 /* Products */ = {
			isa = PBXGroup;
			children = (
				7DD7BE9E2CA116A100C9DA71 /* MyDevStoryKai.app */,
			);
			name = Products;
			sourceTree = "<group>";
		};
		7DD7BEA02CA116A200C9DA71 /* MyDevStoryKai */ = {
			isa = PBXGroup;
			children = (
				7DD7BEA12CA116A200C9DA71 /* MyDevStoryKaiApp.swift */,
				7DD7BEA32CA116A200C9DA71 /* ContentView.swift */,
				7DB7056F2CA24D650090E1CD /* Font+AmericanTypewriter.swift */,
				7DB7056D2CA235420090E1CD /* Settings.swift */,
				7D7AF9A32CA2072400C81BC6 /* FullStoryPage.swift */,
				7DD7BEAF2CA1174400C9DA71 /* chapterOne.swift */,
				7DD7BEB12CA1175700C9DA71 /* chapterTwo.swift */,
				7DD7BEB32CA1176600C9DA71 /* chapterThree.swift */,
				7DD7BEB52CA1177100C9DA71 /* chapterFour.swift */,
				7DD7BEB72CA1177D00C9DA71 /* chapterFive.swift */,
				7DD7BEB92CA1178C00C9DA71 /* chapterSix.swift */,
				7DD7BEBB2CA1179C00C9DA71 /* chapterSeven.swift */,
				7DD7BEBD2CA117AB00C9DA71 /* chapterEight.swift */,
				7DD7BEBF2CA117BA00C9DA71 /* chapterNine.swift */,
				7DD7BEA52CA116A400C9DA71 /* Assets.xcassets */,
				7DD7BEA72CA116A400C9DA71 /* Preview Content */,
			);
			path = MyDevStoryKai;
			sourceTree = "<group>";
		};
		7DD7BEA72CA116A400C9DA71 /* Preview Content */ = {
			isa = PBXGroup;
			children = (
				7DD7BEA82CA116A400C9DA71 /* Preview Assets.xcassets */,
			);
			path = "Preview Content";
			sourceTree = "<group>";
		};
/* End PBXGroup section */

/* Begin PBXNativeTarget section */
		7DD7BE9D2CA116A100C9DA71 /* MyDevStoryKai */ = {
			isa = PBXNativeTarget;
			buildConfigurationList = 7DD7BEAC2CA116A400C9DA71 /* Build configuration list for PBXNativeTarget "MyDevStoryKai" */;
			buildPhases = (
				7DD7BE9A2CA116A100C9DA71 /* Sources */,
				7DD7BE9B2CA116A100C9DA71 /* Frameworks */,
				7DD7BE9C2CA116A100C9DA71 /* Resources */,
			);
			buildRules = (
			);
			dependencies = (
			);
			name = MyDevStoryKai;
			productName = MyDevStoryKai;
			productReference = 7DD7BE9E2CA116A100C9DA71 /* MyDevStoryKai.app */;
			productType = "com.apple.product-type.application";
		};
/* End PBXNativeTarget section */

/* Begin PBXProject section */
		7DD7BE962CA116A100C9DA71 /* Project object */ = {
			isa = PBXProject;
			attributes = {
				BuildIndependentTargetsInParallel = 1;
				LastSwiftUpdateCheck = 1540;
				LastUpgradeCheck = 1540;
				TargetAttributes = {
					7DD7BE9D2CA116A100C9DA71 = {
						CreatedOnToolsVersion = 15.4;
					};
				};
			};
			buildConfigurationList = 7DD7BE992CA116A100C9DA71 /* Build configuration list for PBXProject "MyDevStoryKai" */;
			compatibilityVersion = "Xcode 14.0";
			developmentRegion = en;
			hasScannedForEncodings = 0;
			knownRegions = (
				en,
				Base,
			);
			mainGroup = 7DD7BE952CA116A100C9DA71;
			productRefGroup = 7DD7BE9F2CA116A100C9DA71 /* Products */;
			projectDirPath = "";
			projectRoot = "";
			targets = (
				7DD7BE9D2CA116A100C9DA71 /* MyDevStoryKai */,
			);
		};
/* End PBXProject section */

/* Begin PBXResourcesBuildPhase section */
		7DD7BE9C2CA116A100C9DA71 /* Resources */ = {
			isa = PBXResourcesBuildPhase;
			buildActionMask = 2147483647;
			files = (
				7DD7BEA92CA116A400C9DA71 /* Preview Assets.xcassets in Resources */,
				7DD7BEA62CA116A400C9DA71 /* Assets.xcassets in Resources */,
			);
			runOnlyForDeploymentPostprocessing = 0;
		};
/* End PBXResourcesBuildPhase section */

/* Begin PBXSourcesBuildPhase section */
		7DD7BE9A2CA116A100C9DA71 /* Sources */ = {
			isa = PBXSourcesBuildPhase;
			buildActionMask = 2147483647;
			files = (
				7DD7BEBC2CA1179C00C9DA71 /* chapterSeven.swift in Sources */,
				7DD7BEB22CA1175700C9DA71 /* chapterTwo.swift in Sources */,
				7DB7056E2CA235420090E1CD /* Settings.swift in Sources */,
				7DB705702CA24D650090E1CD /* Font+AmericanTypewriter.swift in Sources */,
				7DD7BEB62CA1177100C9DA71 /* chapterFour.swift in Sources */,
				7DD7BEB82CA1177D00C9DA71 /* chapterFive.swift in Sources */,
				7DD7BEA42CA116A200C9DA71 /* ContentView.swift in Sources */,
				7DD7BEBE2CA117AB00C9DA71 /* chapterEight.swift in Sources */,
				7DD7BEB42CA1176600C9DA71 /* chapterThree.swift in Sources */,
				7DD7BEB02CA1174400C9DA71 /* chapterOne.swift in Sources */,
				7DD7BEC02CA117BA00C9DA71 /* chapterNine.swift in Sources */,
				7DD7BEBA2CA1178C00C9DA71 /* chapterSix.swift in Sources */,
				7DD7BEA22CA116A200C9DA71 /* MyDevStoryKaiApp.swift in Sources */,
				7D7AF9A42CA2072400C81BC6 /* FullStoryPage.swift in Sources */,
			);
			runOnlyForDeploymentPostprocessing = 0;
		};
/* End PBXSourcesBuildPhase section */

/* Begin XCBuildConfiguration section */
		7DD7BEAA2CA116A400C9DA71 /* Debug */ = {
			isa = XCBuildConfiguration;
			buildSettings = {
				ALWAYS_SEARCH_USER_PATHS = NO;
				ASSETCATALOG_COMPILER_GENERATE_SWIFT_ASSET_SYMBOL_EXTENSIONS = YES;
				CLANG_ANALYZER_NONNULL = YES;
				CLANG_ANALYZER_NUMBER_OBJECT_CONVERSION = YES_AGGRESSIVE;
				CLANG_CXX_LANGUAGE_STANDARD = "gnu++20";
				CLANG_ENABLE_MODULES = YES;
				CLANG_ENABLE_OBJC_ARC = YES;
				CLANG_ENABLE_OBJC_WEAK = YES;
				CLANG_WARN_BLOCK_CAPTURE_AUTORELEASING = YES;
				CLANG_WARN_BOOL_CONVERSION = YES;
				CLANG_WARN_COMMA = YES;
				CLANG_WARN_CONSTANT_CONVERSION = YES;
				CLANG_WARN_DEPRECATED_OBJC_IMPLEMENTATIONS = YES;
				CLANG_WARN_DIRECT_OBJC_ISA_USAGE = YES_ERROR;
				CLANG_WARN_DOCUMENTATION_COMMENTS = YES;
				CLANG_WARN_EMPTY_BODY = YES;
				CLANG_WARN_ENUM_CONVERSION = YES;
				CLANG_WARN_INFINITE_RECURSION = YES;
				CLANG_WARN_INT_CONVERSION = YES;
				CLANG_WARN_NON_LITERAL_NULL_CONVERSION = YES;
				CLANG_WARN_OBJC_IMPLICIT_RETAIN_SELF = YES;
				CLANG_WARN_OBJC_LITERAL_CONVERSION = YES;
				CLANG_WARN_OBJC_ROOT_CLASS = YES_ERROR;
				CLANG_WARN_QUOTED_INCLUDE_IN_FRAMEWORK_HEADER = YES;
				CLANG_WARN_RANGE_LOOP_ANALYSIS = YES;
				CLANG_WARN_STRICT_PROTOTYPES = YES;
				CLANG_WARN_SUSPICIOUS_MOVE = YES;
				CLANG_WARN_UNGUARDED_AVAILABILITY = YES_AGGRESSIVE;
				CLANG_WARN_UNREACHABLE_CODE = YES;
				CLANG_WARN__DUPLICATE_METHOD_MATCH = YES;
				COPY_PHASE_STRIP = NO;
				DEBUG_INFORMATION_FORMAT = dwarf;
				ENABLE_STRICT_OBJC_MSGSEND = YES;
				ENABLE_TESTABILITY = YES;
				ENABLE_USER_SCRIPT_SANDBOXING = YES;
				GCC_C_LANGUAGE_STANDARD = gnu17;
				GCC_DYNAMIC_NO_PIC = NO;
				GCC_NO_COMMON_BLOCKS = YES;
				GCC_OPTIMIZATION_LEVEL = 0;
				GCC_PREPROCESSOR_DEFINITIONS = (
					"DEBUG=1",
					"$(inherited)",
				);
				GCC_WARN_64_TO_32_BIT_CONVERSION = YES;
				GCC_WARN_ABOUT_RETURN_TYPE = YES_ERROR;
				GCC_WARN_UNDECLARED_SELECTOR = YES;
				GCC_WARN_UNINITIALIZED_AUTOS = YES_AGGRESSIVE;
				GCC_WARN_UNUSED_FUNCTION = YES;
				GCC_WARN_UNUSED_VARIABLE = YES;
				IPHONEOS_DEPLOYMENT_TARGET = 17.5;
				LOCALIZATION_PREFERS_STRING_CATALOGS = YES;
				MTL_ENABLE_DEBUG_INFO = INCLUDE_SOURCE;
				MTL_FAST_MATH = YES;
				ONLY_ACTIVE_ARCH = YES;
				SDKROOT = iphoneos;
				SWIFT_ACTIVE_COMPILATION_CONDITIONS = "DEBUG $(inherited)";
				SWIFT_OPTIMIZATION_LEVEL = "-Onone";
			};
			name = Debug;
		};
		7DD7BEAB2CA116A400C9DA71 /* Release */ = {
			isa = XCBuildConfiguration;
			buildSettings = {
				ALWAYS_SEARCH_USER_PATHS = NO;
				ASSETCATALOG_COMPILER_GENERATE_SWIFT_ASSET_SYMBOL_EXTENSIONS = YES;
				CLANG_ANALYZER_NONNULL = YES;
				CLANG_ANALYZER_NUMBER_OBJECT_CONVERSION = YES_AGGRESSIVE;
				CLANG_CXX_LANGUAGE_STANDARD = "gnu++20";
				CLANG_ENABLE_MODULES = YES;
				CLANG_ENABLE_OBJC_ARC = YES;
				CLANG_ENABLE_OBJC_WEAK = YES;
				CLANG_WARN_BLOCK_CAPTURE_AUTORELEASING = YES;
				CLANG_WARN_BOOL_CONVERSION = YES;
				CLANG_WARN_COMMA = YES;
				CLANG_WARN_CONSTANT_CONVERSION = YES;
				CLANG_WARN_DEPRECATED_OBJC_IMPLEMENTATIONS = YES;
				CLANG_WARN_DIRECT_OBJC_ISA_USAGE = YES_ERROR;
				CLANG_WARN_DOCUMENTATION_COMMENTS = YES;
				CLANG_WARN_EMPTY_BODY = YES;
				CLANG_WARN_ENUM_CONVERSION = YES;
				CLANG_WARN_INFINITE_RECURSION = YES;
				CLANG_WARN_INT_CONVERSION = YES;
				CLANG_WARN_NON_LITERAL_NULL_CONVERSION = YES;
				CLANG_WARN_OBJC_IMPLICIT_RETAIN_SELF = YES;
				CLANG_WARN_OBJC_LITERAL_CONVERSION = YES;
				CLANG_WARN_OBJC_ROOT_CLASS = YES_ERROR;
				CLANG_WARN_QUOTED_INCLUDE_IN_FRAMEWORK_HEADER = YES;
				CLANG_WARN_RANGE_LOOP_ANALYSIS = YES;
				CLANG_WARN_STRICT_PROTOTYPES = YES;
				CLANG_WARN_SUSPICIOUS_MOVE = YES;
				CLANG_WARN_UNGUARDED_AVAILABILITY = YES_AGGRESSIVE;
				CLANG_WARN_UNREACHABLE_CODE = YES;
				CLANG_WARN__DUPLICATE_METHOD_MATCH = YES;
				COPY_PHASE_STRIP = NO;
				DEBUG_INFORMATION_FORMAT = "dwarf-with-dsym";
				ENABLE_NS_ASSERTIONS = NO;
				ENABLE_STRICT_OBJC_MSGSEND = YES;
				ENABLE_USER_SCRIPT_SANDBOXING = YES;
				GCC_C_LANGUAGE_STANDARD = gnu17;
				GCC_NO_COMMON_BLOCKS = YES;
				GCC_WARN_64_TO_32_BIT_CONVERSION = YES;
				GCC_WARN_ABOUT_RETURN_TYPE = YES_ERROR;
				GCC_WARN_UNDECLARED_SELECTOR = YES;
				GCC_WARN_UNINITIALIZED_AUTOS = YES_AGGRESSIVE;
				GCC_WARN_UNUSED_FUNCTION = YES;
				GCC_WARN_UNUSED_VARIABLE = YES;
				IPHONEOS_DEPLOYMENT_TARGET = 17.5;
				LOCALIZATION_PREFERS_STRING_CATALOGS = YES;
				MTL_ENABLE_DEBUG_INFO = NO;
				MTL_FAST_MATH = YES;
				SDKROOT = iphoneos;
				SWIFT_COMPILATION_MODE = wholemodule;
				VALIDATE_PRODUCT = YES;
			};
			name = Release;
		};
		7DD7BEAD2CA116A400C9DA71 /* Debug */ = {
			isa = XCBuildConfiguration;
			buildSettings = {
				ASSETCATALOG_COMPILER_APPICON_NAME = AppIcon;
				ASSETCATALOG_COMPILER_GLOBAL_ACCENT_COLOR_NAME = AccentColor;
				CODE_SIGN_STYLE = Automatic;
				CURRENT_PROJECT_VERSION = 1;
				DEVELOPMENT_ASSET_PATHS = "\"MyDevStoryKai/Preview Content\"";
				ENABLE_PREVIEWS = YES;
				GENERATE_INFOPLIST_FILE = YES;
				INFOPLIST_KEY_UIApplicationSceneManifest_Generation = YES;
				INFOPLIST_KEY_UIApplicationSupportsIndirectInputEvents = YES;
				INFOPLIST_KEY_UILaunchScreen_Generation = YES;
				INFOPLIST_KEY_UISupportedInterfaceOrientations_iPad = "UIInterfaceOrientationPortrait UIInterfaceOrientationPortraitUpsideDown UIInterfaceOrientationLandscapeLeft UIInterfaceOrientationLandscapeRight";
				INFOPLIST_KEY_UISupportedInterfaceOrientations_iPhone = "UIInterfaceOrientationPortrait UIInterfaceOrientationLandscapeLeft UIInterfaceOrientationLandscapeRight";
				LD_RUNPATH_SEARCH_PATHS = (
					"$(inherited)",
					"@executable_path/Frameworks",
				);
				MARKETING_VERSION = 1.0;
				PRODUCT_BUNDLE_IDENTIFIER = kaiiak.MyDevStoryKai;
				PRODUCT_NAME = "$(TARGET_NAME)";
				SWIFT_EMIT_LOC_STRINGS = YES;
				SWIFT_VERSION = 5.0;
				TARGETED_DEVICE_FAMILY = "1,2";
			};
			name = Debug;
		};
		7DD7BEAE2CA116A400C9DA71 /* Release */ = {
			isa = XCBuildConfiguration;
			buildSettings = {
				ASSETCATALOG_COMPILER_APPICON_NAME = AppIcon;
				ASSETCATALOG_COMPILER_GLOBAL_ACCENT_COLOR_NAME = AccentColor;
				CODE_SIGN_STYLE = Automatic;
				CURRENT_PROJECT_VERSION = 1;
				DEVELOPMENT_ASSET_PATHS = "\"MyDevStoryKai/Preview Content\"";
				ENABLE_PREVIEWS = YES;
				GENERATE_INFOPLIST_FILE = YES;
				INFOPLIST_KEY_UIApplicationSceneManifest_Generation = YES;
				INFOPLIST_KEY_UIApplicationSupportsIndirectInputEvents = YES;
				INFOPLIST_KEY_UILaunchScreen_Generation = YES;
				INFOPLIST_KEY_UISupportedInterfaceOrientations_iPad = "UIInterfaceOrientationPortrait UIInterfaceOrientationPortraitUpsideDown UIInterfaceOrientationLandscapeLeft UIInterfaceOrientationLandscapeRight";
				INFOPLIST_KEY_UISupportedInterfaceOrientations_iPhone = "UIInterfaceOrientationPortrait UIInterfaceOrientationLandscapeLeft UIInterfaceOrientationLandscapeRight";
				LD_RUNPATH_SEARCH_PATHS = (
					"$(inherited)",
					"@executable_path/Frameworks",
				);
				MARKETING_VERSION = 1.0;
				PRODUCT_BUNDLE_IDENTIFIER = kaiiak.MyDevStoryKai;
				PRODUCT_NAME = "$(TARGET_NAME)";
				SWIFT_EMIT_LOC_STRINGS = YES;
				SWIFT_VERSION = 5.0;
				TARGETED_DEVICE_FAMILY = "1,2";
			};
			name = Release;
		};
/* End XCBuildConfiguration section */

/* Begin XCConfigurationList section */
		7DD7BE992CA116A100C9DA71 /* Build configuration list for PBXProject "MyDevStoryKai" */ = {
			isa = XCConfigurationList;
			buildConfigurations = (
				7DD7BEAA2CA116A400C9DA71 /* Debug */,
				7DD7BEAB2CA116A400C9DA71 /* Release */,
			);
			defaultConfigurationIsVisible = 0;
			defaultConfigurationName = Release;
		};
		7DD7BEAC2CA116A400C9DA71 /* Build configuration list for PBXNativeTarget "MyDevStoryKai" */ = {
			isa = XCConfigurationList;
			buildConfigurations = (
				7DD7BEAD2CA116A400C9DA71 /* Debug */,
				7DD7BEAE2CA116A400C9DA71 /* Release */,
			);
			defaultConfigurationIsVisible = 0;
			defaultConfigurationName = Release;
		};
/* End XCConfigurationList section */
	};
	rootObject = 7DD7BE962CA116A100C9DA71 /* Project object */;
}
